
Microsoft Visual Studio Solution File, Format Version 10.00
# Visual Studio 2008
Project("{FAE04EC0-301F-11D3-BF4B-00C04F79EFBC}") = "GxPT", "GxPT\GxPT.csproj", "{68FC3C0C-BF32-4916-B829-DF8BD3C08D5F}"
EndProject
Project("{54435603-DBB4-11D2-8724-00A0C9A8B90C}") = "GxPT.Setup", "GxPT.Setup\GxPT.Setup.vdproj", "{B8E59E97-3A37-4FF2-A32D-306B186BA0EC}"
EndProject
Project("{FAE04EC0-301F-11D3-BF4B-00C04F79EFBC}") = "Mcp35.Core", "src\Mcp35.Core\Mcp35.Core.csproj", "{667AC466-F30B-4CDB-BEC9-7A139A709AA9}"
EndProject
Project("{FAE04EC0-301F-11D3-BF4B-00C04F79EFBC}") = "Mcp35.Server", "src\Mcp35.Server\Mcp35.Server.csproj", "{DCA697A6-1B4C-430C-BC45-134CB5F90072}"
EndProject
Project("{FAE04EC0-301F-11D3-BF4B-00C04F79EFBC}") = "Mcp35.Client", "src\Mcp35.Client\Mcp35.Client.csproj", "{A043F034-FFF5-44CE-9605-B40FF0016262}"
EndProject
Project("{FAE04EC0-301F-11D3-BF4B-00C04F79EFBC}") = "FilesMcpServer", "servers\FilesMcpServer\FilesMcpServer.csproj", "{FDE32AF9-71C6-4B14-8521-285BD2B36AB9}"
EndProject
Project("{FAE04EC0-301F-11D3-BF4B-00C04F79EFBC}") = "WebSearchMcpServer", "servers\WebSearchMcpServer\WebSearchMcpServer.csproj", "{785B59BD-B282-488C-BD78-4529CD80BA49}"
EndProject
Project("{FAE04EC0-301F-11D3-BF4B-00C04F79EFBC}") = "GitMcpServer", "servers\GitMcpServer\GitMcpServer.csproj", "{96B66F73-25A8-4B45-994B-D9EFAFCDF4F7}"
EndProject
Project("{FAE04EC0-301F-11D3-BF4B-00C04F79EFBC}") = "CommandMcpServer", "servers\CommandMcpServer\CommandMcpServer.csproj", "{8B1149E6-9C3E-4860-A946-95989D4FD4D2}"
EndProject
Project("{FAE04EC0-301F-11D3-BF4B-00C04F79EFBC}") = "MSBuildMcpServer", "servers\MSBuildMcpServer\MSBuildMcpServer.csproj", "{C7E1B2A4-3D5F-4A6B-8E9C-1F2A3B4C5D6E}"
EndProject
Project("{FAE04EC0-301F-11D3-BF4B-00C04F79EFBC}") = "MemoryMcpServer", "servers\MemoryMcpServer\MemoryMcpServer.csproj", "{C9F5BB61-E5AA-49B3-955E-E410A635888A}"
EndProject
Project("{FAE04EC0-301F-11D3-BF4B-00C04F79EFBC}") = "ExtensionsMcpServer", "servers\ExtensionsMcpServer\ExtensionsMcpServer.csproj", "{B0E7C3F2-9A41-4D6E-8B2C-5F1A3E7D9C04}"
EndProject
Global
	GlobalSection(SolutionConfigurationPlatforms) = preSolution
		Debug|Any CPU = Debug|Any CPU
		Release|Any CPU = Release|Any CPU
	EndGlobalSection
	GlobalSection(ProjectConfigurationPlatforms) = postSolution
		{68FC3C0C-BF32-4916-B829-DF8BD3C08D5F}.Debug|Any CPU.ActiveCfg = Debug|Any CPU
		{68FC3C0C-BF32-4916-B829-DF8BD3C08D5F}.Debug|Any CPU.Build.0 = Debug|Any CPU
		{68FC3C0C-BF32-4916-B829-DF8BD3C08D5F}.Release|Any CPU.ActiveCfg = Release|Any CPU
		{68FC3C0C-BF32-4916-B829-DF8BD3C08D5F}.Release|Any CPU.Build.0 = Release|Any CPU
		{B8E59E97-3A37-4FF2-A32D-306B186BA0EC}.Debug|Any CPU.ActiveCfg = Debug
		{B8E59E97-3A37-4FF2-A32D-306B186BA0EC}.Release|Any CPU.ActiveCfg = Release
		{667AC466-F30B-4CDB-BEC9-7A139A709AA9}.Debug|Any CPU.ActiveCfg = Debug|Any CPU
		{667AC466-F30B-4CDB-BEC9-7A139A709AA9}.Debug|Any CPU.Build.0 = Debug|Any CPU
		{667AC466-F30B-4CDB-BEC9-7A139A709AA9}.Release|Any CPU.ActiveCfg = Release|Any CPU
		{667AC466-F30B-4CDB-BEC9-7A139A709AA9}.Release|Any CPU.Build.0 = Release|Any CPU
		{DCA697A6-1B4C-430C-BC45-134CB5F90072}.Debug|Any CPU.ActiveCfg = Debug|Any CPU
		{DCA697A6-1B4C-430C-BC45-134CB5F90072}.Debug|Any CPU.Build.0 = Debug|Any CPU
		{DCA697A6-1B4C-430C-BC45-134CB5F90072}.Release|Any CPU.ActiveCfg = Release|Any CPU
		{DCA697A6-1B4C-430C-BC45-134CB5F90072}.Release|Any CPU.Build.0 = Release|Any CPU
		{A043F034-FFF5-44CE-9605-B40FF0016262}.Debug|Any CPU.ActiveCfg = Debug|Any CPU
		{A043F034-FFF5-44CE-9605-B40FF0016262}.Debug|Any CPU.Build.0 = Debug|Any CPU
		{A043F034-FFF5-44CE-9605-B40FF0016262}.Release|Any CPU.ActiveCfg = Release|Any CPU
		{A043F034-FFF5-44CE-9605-B40FF0016262}.Release|Any CPU.Build.0 = Release|Any CPU
		{FDE32AF9-71C6-4B14-8521-285BD2B36AB9}.Debug|Any CPU.ActiveCfg = Debug|Any CPU
		{FDE32AF9-71C6-4B14-8521-285BD2B36AB9}.Debug|Any CPU.Build.0 = Debug|Any CPU
		{FDE32AF9-71C6-4B14-8521-285BD2B36AB9}.Release|Any CPU.ActiveCfg = Release|Any CPU
		{FDE32AF9-71C6-4B14-8521-285BD2B36AB9}.Release|Any CPU.Build.0 = Release|Any CPU
		{785B59BD-B282-488C-BD78-4529CD80BA49}.Debug|Any CPU.ActiveCfg = Debug|Any CPU
		{785B59BD-B282-488C-BD78-4529CD80BA49}.Debug|Any CPU.Build.0 = Debug|Any CPU
		{785B59BD-B282-488C-BD78-4529CD80BA49}.Release|Any CPU.ActiveCfg = Release|Any CPU
		{785B59BD-B282-488C-BD78-4529CD80BA49}.Release|Any CPU.Build.0 = Release|Any CPU
		{96B66F73-25A8-4B45-994B-D9EFAFCDF4F7}.Debug|Any CPU.ActiveCfg = Debug|Any CPU
		{96B66F73-25A8-4B45-994B-D9EFAFCDF4F7}.Debug|Any CPU.Build.0 = Debug|Any CPU
		{96B66F73-25A8-4B45-994B-D9EFAFCDF4F7}.Release|Any CPU.ActiveCfg = Release|Any CPU
		{96B66F73-25A8-4B45-994B-D9EFAFCDF4F7}.Release|Any CPU.Build.0 = Release|Any CPU
		{8B1149E6-9C3E-4860-A946-95989D4FD4D2}.Debug|Any CPU.ActiveCfg = Debug|Any CPU
		{8B1149E6-9C3E-4860-A946-95989D4FD4D2}.Debug|Any CPU.Build.0 = Debug|Any CPU
		{8B1149E6-9C3E-4860-A946-95989D4FD4D2}.Release|Any CPU.ActiveCfg = Release|Any CPU
		{8B1149E6-9C3E-4860-A946-95989D4FD4D2}.Release|Any CPU.Build.0 = Release|Any CPU
		{C7E1B2A4-3D5F-4A6B-8E9C-1F2A3B4C5D6E}.Debug|Any CPU.ActiveCfg = Debug|Any CPU
		{C7E1B2A4-3D5F-4A6B-8E9C-1F2A3B4C5D6E}.Debug|Any CPU.Build.0 = Debug|Any CPU
		{C7E1B2A4-3D5F-4A6B-8E9C-1F2A3B4C5D6E}.Release|Any CPU.ActiveCfg = Release|Any CPU
		{C7E1B2A4-3D5F-4A6B-8E9C-1F2A3B4C5D6E}.Release|Any CPU.Build.0 = Release|Any CPU
		{C9F5BB61-E5AA-49B3-955E-E410A635888A}.Debug|Any CPU.ActiveCfg = Debug|Any CPU
		{C9F5BB61-E5AA-49B3-955E-E410A635888A}.Debug|Any CPU.Build.0 = Debug|Any CPU
		{C9F5BB61-E5AA-49B3-955E-E410A635888A}.Release|Any CPU.ActiveCfg = Release|Any CPU
		{C9F5BB61-E5AA-49B3-955E-E410A635888A}.Release|Any CPU.Build.0 = Release|Any CPU
		{B0E7C3F2-9A41-4D6E-8B2C-5F1A3E7D9C04}.Debug|Any CPU.ActiveCfg = Debug|Any CPU
		{B0E7C3F2-9A41-4D6E-8B2C-5F1A3E7D9C04}.Debug|Any CPU.Build.0 = Debug|Any CPU
		{B0E7C3F2-9A41-4D6E-8B2C-5F1A3E7D9C04}.Release|Any CPU.ActiveCfg = Release|Any CPU
		{B0E7C3F2-9A41-4D6E-8B2C-5F1A3E7D9C04}.Release|Any CPU.Build.0 = Release|Any CPU
	EndGlobalSection
	GlobalSection(SolutionProperties) = preSolution
		HideSolutionNode = FALSE
	EndGlobalSection
EndGlobal
