
Microsoft Visual Studio Solution File, Format Version 10.00
# Visual Studio 2008
Project("{FAE04EC0-301F-11D3-BF4B-00C04F79EFBC}") = "GxPT", "GxPT\GxPT.csproj", "{68FC3C0C-BF32-4916-B829-DF8BD3C08D5F}"
EndProject
Project("{54435603-DBB4-11D2-8724-00A0C9A8B90C}") = "GxPT.Setup", "GxPT.Setup\GxPT.Setup.vdproj", "{B8E59E97-3A37-4FF2-A32D-306B186BA0EC}"
EndProject
Global
	GlobalSection(SolutionConfigurationPlatforms) = preSolution
		Debug|Any CPU = Debug|Any CPU
		Release|Any CPU = Release|Any CPU
	EndGlobalSection
	GlobalSection(ProjectConfigurationPlatforms) = postSolution
		{68FC3C0C-BF32-4916-B829-DF8BD3C08D5F}.Debug|Any CPU.ActiveCfg = Debug|Any CPU
		{68FC3C0C-BF32-4916-B829-DF8BD3C08D5F}.Debug|Any CPU.Build.0 = Debug|Any CPU
		{68FC3C0C-BF32-4916-B829-DF8BD3C08D5F}.Release|Any CPU.ActiveCfg = Release|Any CPU
		{68FC3C0C-BF32-4916-B829-DF8BD3C08D5F}.Release|Any CPU.Build.0 = Release|Any CPU
		{B8E59E97-3A37-4FF2-A32D-306B186BA0EC}.Debug|Any CPU.ActiveCfg = Debug
		{B8E59E97-3A37-4FF2-A32D-306B186BA0EC}.Release|Any CPU.ActiveCfg = Release
		{B8E59E97-3A37-4FF2-A32D-306B186BA0EC}.Release|Any CPU.Build.0 = Release
	EndGlobalSection
	GlobalSection(SolutionProperties) = preSolution
		HideSolutionNode = FALSE
	EndGlobalSection
EndGlobal
